
Microsoft Visual Studio Solution File, Format Version 12.00
# Visual Studio Version 17
VisualStudioVersion = 17.8.34322.80
MinimumVisualStudioVersion = 10.0.40219.1
Project("{FAE04EC0-301F-11D3-BF4B-00C04F79EFBC}") = "TestABan", "TestABan.csproj", "{DDB72F7D-E81E-43A3-B9E2-90D1D6094E74}"
EndProject
Global
	GlobalSection(SolutionConfigurationPlatforms) = preSolution
		Debug|Any CPU = Debug|Any CPU
		Release|Any CPU = Release|Any CPU
	EndGlobalSection
	GlobalSection(ProjectConfigurationPlatforms) = postSolution
		{DDB72F7D-E81E-43A3-B9E2-90D1D6094E74}.Debug|Any CPU.ActiveCfg = Debug|Any CPU
		{DDB72F7D-E81E-43A3-B9E2-90D1D6094E74}.Debug|Any CPU.Build.0 = Debug|Any CPU
		{DDB72F7D-E81E-43A3-B9E2-90D1D6094E74}.Release|Any CPU.ActiveCfg = Release|Any CPU
		{DDB72F7D-E81E-43A3-B9E2-90D1D6094E74}.Release|Any CPU.Build.0 = Release|Any CPU
	EndGlobalSection
	GlobalSection(SolutionProperties) = preSolution
		HideSolutionNode = FALSE
	EndGlobalSection
	GlobalSection(ExtensibilityGlobals) = postSolution
		SolutionGuid = {8B9DC627-851D-4AA7-96F7-F6C540ADBE2E}
	EndGlobalSection
EndGlobal
